// !$*UTF8*$!
{
	archiveVersion = 1;
	classes = {
	};
	objectVersion = 77;
	objects = {

/* Begin PBXContainerItemProxy section */
		BC7CC37F2E2F28DB00466C6C /* PBXContainerItemProxy */ = {
			isa = PBXContainerItemProxy;
			containerPortal = BC7CC3662E2F28D900466C6C /* Project object */;
			proxyType = 1;
			remoteGlobalIDString = BC7CC36D2E2F28D900466C6C;
			remoteInfo = moodiq;
		};
		BC7CC3892E2F28DB00466C6C /* PBXContainerItemProxy */ = {
			isa = PBXContainerItemProxy;
			containerPortal = BC7CC3662E2F28D900466C6C /* Project object */;
			proxyType = 1;
			remoteGlobalIDString = BC7CC36D2E2F28D900466C6C;
			remoteInfo = moodiq;
		};
/* End PBXContainerItemProxy section */

/* Begin PBXFileReference section */
		BC7CC36E2E2F28D900466C6C /* moodiq.app */ = {isa = PBXFileReference; explicitFileType = wrapper.application; includeInIndex = 0; path = moodiq.app; sourceTree = BUILT_PRODUCTS_DIR; };
		BC7CC37E2E2F28DB00466C6C /* moodiqTests.xctest */ = {isa = PBXFileReference; explicitFileType = wrapper.cfbundle; includeInIndex = 0; path = moodiqTests.xctest; sourceTree = BUILT_PRODUCTS_DIR; };
		BC7CC3882E2F28DB00466C6C /* moodiqUITests.xctest */ = {isa = PBXFileReference; explicitFileType = wrapper.cfbundle; includeInIndex = 0; path = moodiqUITests.xctest; sourceTree = BUILT_PRODUCTS_DIR; };
/* End PBXFileReference section */

/* Begin PBXFileSystemSynchronizedRootGroup section */
		BC7CC3702E2F28D900466C6C /* moodiq */ = {
			isa = PBXFileSystemSynchronizedRootGroup;
			path = moodiq;
			sourceTree = "<group>";
		};
		BC7CC3812E2F28DB00466C6C /* moodiqTests */ = {
			isa = PBXFileSystemSynchronizedRootGroup;
			path = moodiqTests;
			sourceTree = "<group>";
		};
		BC7CC38B2E2F28DB00466C6C /* moodiqUITests */ = {
			isa = PBXFileSystemSynchronizedRootGroup;
			path = moodiqUITests;
			sourceTree = "<group>";
		};
/* End PBXFileSystemSynchronizedRootGroup section */

/* Begin PBXFrameworksBuildPhase section */
		BC7CC36B2E2F28D900466C6C /* Frameworks */ = {
			isa = PBXFrameworksBuildPhase;
			buildActionMask = 2147483647;
			files = (
			);
			runOnlyForDeploymentPostprocessing = 0;
		};
		BC7CC37B2E2F28DB00466C6C /* Frameworks */ = {
			isa = PBXFrameworksBuildPhase;
			buildActionMask = 2147483647;
			files = (
			);
			runOnlyForDeploymentPostprocessing = 0;
		};
		BC7CC3852E2F28DB00466C6C /* Frameworks */ = {
			isa = PBXFrameworksBuildPhase;
			buildActionMask = 2147483647;
			files = (
			);
			runOnlyForDeploymentPostprocessing = 0;
		};
/* End PBXFrameworksBuildPhase section */

/* Begin PBXGroup section */
		BC7CC3652E2F28D900466C6C = {
			isa = PBXGroup;
			children = (
				BC7CC3702E2F28D900466C6C /* moodiq */,
				BC7CC3812E2F28DB00466C6C /* moodiqTests */,
				BC7CC38B2E2F28DB00466C6C /* moodiqUITests */,
				BC7CC36F2E2F28D900466C6C /* Products */,
			);
			sourceTree = "<group>";
		};
		BC7CC36F2E2F28D900466C6C /* Products */ = {
			isa = PBXGroup;
			children = (
				BC7CC36E2E2F28D900466C6C /* moodiq.app */,
				BC7CC37E2E2F28DB00466C6C /* moodiqTests.xctest */,
				BC7CC3882E2F28DB00466C6C /* moodiqUITests.xctest */,
			);
			name = Products;
			sourceTree = "<group>";
		};
/* End PBXGroup section */

/* Begin PBXNativeTarget section */
		BC7CC36D2E2F28D900466C6C /* moodiq */ = {
			isa = PBXNativeTarget;
			buildConfigurationList = BC7CC3922E2F28DB00466C6C /* Build configuration list for PBXNativeTarget "moodiq" */;
			buildPhases = (
				BC7CC36A2E2F28D900466C6C /* Sources */,
				BC7CC36B2E2F28D900466C6C /* Frameworks */,
				BC7CC36C2E2F28D900466C6C /* Resources */,
			);
			buildRules = (
			);
			dependencies = (
			);
			fileSystemSynchronizedGroups = (
				BC7CC3702E2F28D900466C6C /* moodiq */,
			);
			name = moodiq;
			packageProductDependencies = (
			);
			productName = moodiq;
			productReference = BC7CC36E2E2F28D900466C6C /* moodiq.app */;
			productType = "com.apple.product-type.application";
		};
		BC7CC37D2E2F28DB00466C6C /* moodiqTests */ = {
			isa = PBXNativeTarget;
			buildConfigurationList = BC7CC3952E2F28DB00466C6C /* Build configuration list for PBXNativeTarget "moodiqTests" */;
			buildPhases = (
				BC7CC37A2E2F28DB00466C6C /* Sources */,
				BC7CC37B2E2F28DB00466C6C /* Frameworks */,
				BC7CC37C2E2F28DB00466C6C /* Resources */,
			);
			buildRules = (
			);
			dependencies = (
				BC7CC3802E2F28DB00466C6C /* PBXTargetDependency */,
			);
			fileSystemSynchronizedGroups = (
				BC7CC3812E2F28DB00466C6C /* moodiqTests */,
			);
			name = moodiqTests;
			packageProductDependencies = (
			);
			productName = moodiqTests;
			productReference = BC7CC37E2E2F28DB00466C6C /* moodiqTests.xctest */;
			productType = "com.apple.product-type.bundle.unit-test";
		};
		BC7CC3872E2F28DB00466C6C /* moodiqUITests */ = {
			isa = PBXNativeTarget;
			buildConfigurationList = BC7CC3982E2F28DB00466C6C /* Build configuration list for PBXNativeTarget "moodiqUITests" */;
			buildPhases = (
				BC7CC3842E2F28DB00466C6C /* Sources */,
				BC7CC3852E2F28DB00466C6C /* Frameworks */,
				BC7CC3862E2F28DB00466C6C /* Resources */,
			);
			buildRules = (
			);
			dependencies = (
				BC7CC38A2E2F28DB00466C6C /* PBXTargetDependency */,
			);
			fileSystemSynchronizedGroups = (
				BC7CC38B2E2F28DB00466C6C /* moodiqUITests */,
			);
			name = moodiqUITests;
			packageProductDependencies = (
			);
			productName = moodiqUITests;
			productReference = BC7CC3882E2F28DB00466C6C /* moodiqUITests.xctest */;
			productType = "com.apple.product-type.bundle.ui-testing";
		};
/* End PBXNativeTarget section */

/* Begin PBXProject section */
		BC7CC3662E2F28D900466C6C /* Project object */ = {
			isa = PBXProject;
			attributes = {
				BuildIndependentTargetsInParallel = 1;
				LastSwiftUpdateCheck = 1620;
				LastUpgradeCheck = 1620;
				TargetAttributes = {
					BC7CC36D2E2F28D900466C6C = {
						CreatedOnToolsVersion = 16.2;
					};
					BC7CC37D2E2F28DB00466C6C = {
						CreatedOnToolsVersion = 16.2;
						TestTargetID = BC7CC36D2E2F28D900466C6C;
					};
					BC7CC3872E2F28DB00466C6C = {
						CreatedOnToolsVersion = 16.2;
						TestTargetID = BC7CC36D2E2F28D900466C6C;
					};
				};
			};
			buildConfigurationList = BC7CC3692E2F28D900466C6C /* Build configuration list for PBXProject "moodiq" */;
			developmentRegion = en;
			hasScannedForEncodings = 0;
			knownRegions = (
				en,
				Base,
			);
			mainGroup = BC7CC3652E2F28D900466C6C;
			minimizedProjectReferenceProxies = 1;
			preferredProjectObjectVersion = 77;
			productRefGroup = BC7CC36F2E2F28D900466C6C /* Products */;
			projectDirPath = "";
			projectRoot = "";
			targets = (
				BC7CC36D2E2F28D900466C6C /* moodiq */,
				BC7CC37D2E2F28DB00466C6C /* moodiqTests */,
				BC7CC3872E2F28DB00466C6C /* moodiqUITests */,
			);
		};
/* End PBXProject section */

/* Begin PBXResourcesBuildPhase section */
		BC7CC36C2E2F28D900466C6C /* Resources */ = {
			isa = PBXResourcesBuildPhase;
			buildActionMask = 2147483647;
			files = (
			);
			runOnlyForDeploymentPostprocessing = 0;
		};
		BC7CC37C2E2F28DB00466C6C /* Resources */ = {
			isa = PBXResourcesBuildPhase;
			buildActionMask = 2147483647;
			files = (
			);
			runOnlyForDeploymentPostprocessing = 0;
		};
		BC7CC3862E2F28DB00466C6C /* Resources */ = {
			isa = PBXResourcesBuildPhase;
			buildActionMask = 2147483647;
			files = (
			);
			runOnlyForDeploymentPostprocessing = 0;
		};
/* End PBXResourcesBuildPhase section */

/* Begin PBXSourcesBuildPhase section */
		BC7CC36A2E2F28D900466C6C /* Sources */ = {
			isa = PBXSourcesBuildPhase;
			buildActionMask = 2147483647;
			files = (
			);
			runOnlyForDeploymentPostprocessing = 0;
		};
		BC7CC37A2E2F28DB00466C6C /* Sources */ = {
			isa = PBXSourcesBuildPhase;
			buildActionMask = 2147483647;
			files = (
			);
			runOnlyForDeploymentPostprocessing = 0;
		};
		BC7CC3842E2F28DB00466C6C /* Sources */ = {
			isa = PBXSourcesBuildPhase;
			buildActionMask = 2147483647;
			files = (
			);
			runOnlyForDeploymentPostprocessing = 0;
		};
/* End PBXSourcesBuildPhase section */

/* Begin PBXTargetDependency section */
		BC7CC3802E2F28DB00466C6C /* PBXTargetDependency */ = {
			isa = PBXTargetDependency;
			target = BC7CC36D2E2F28D900466C6C /* moodiq */;
			targetProxy = BC7CC37F2E2F28DB00466C6C /* PBXContainerItemProxy */;
		};
		BC7CC38A2E2F28DB00466C6C /* PBXTargetDependency */ = {
			isa = PBXTargetDependency;
			target = BC7CC36D2E2F28D900466C6C /* moodiq */;
			targetProxy = BC7CC3892E2F28DB00466C6C /* PBXContainerItemProxy */;
		};
/* End PBXTargetDependency section */

/* Begin XCBuildConfiguration section */
		BC7CC3902E2F28DB00466C6C /* Debug */ = {
			isa = XCBuildConfiguration;
			buildSettings = {
				ALWAYS_SEARCH_USER_PATHS = NO;
				ASSETCATALOG_COMPILER_GENERATE_SWIFT_ASSET_SYMBOL_EXTENSIONS = YES;
				CLANG_ANALYZER_NONNULL = YES;
				CLANG_ANALYZER_NUMBER_OBJECT_CONVERSION = YES_AGGRESSIVE;
				CLANG_CXX_LANGUAGE_STANDARD = "gnu++20";
				CLANG_ENABLE_MODULES = YES;
				CLANG_ENABLE_OBJC_ARC = YES;
				CLANG_ENABLE_OBJC_WEAK = YES;
				CLANG_WARN_BLOCK_CAPTURE_AUTORELEASING = YES;
				CLANG_WARN_BOOL_CONVERSION = YES;
				CLANG_WARN_COMMA = YES;
				CLANG_WARN_CONSTANT_CONVERSION = YES;
				CLANG_WARN_DEPRECATED_OBJC_IMPLEMENTATIONS = YES;
				CLANG_WARN_DIRECT_OBJC_ISA_USAGE = YES_ERROR;
				CLANG_WARN_DOCUMENTATION_COMMENTS = YES;
				CLANG_WARN_EMPTY_BODY = YES;
				CLANG_WARN_ENUM_CONVERSION = YES;
				CLANG_WARN_INFINITE_RECURSION = YES;
				CLANG_WARN_INT_CONVERSION = YES;
				CLANG_WARN_NON_LITERAL_NULL_CONVERSION = YES;
				CLANG_WARN_OBJC_IMPLICIT_RETAIN_SELF = YES;
				CLANG_WARN_OBJC_LITERAL_CONVERSION = YES;
				CLANG_WARN_OBJC_ROOT_CLASS = YES_ERROR;
				CLANG_WARN_QUOTED_INCLUDE_IN_FRAMEWORK_HEADER = YES;
				CLANG_WARN_RANGE_LOOP_ANALYSIS = YES;
				CLANG_WARN_STRICT_PROTOTYPES = YES;
				CLANG_WARN_SUSPICIOUS_MOVE = YES;
				CLANG_WARN_UNGUARDED_AVAILABILITY = YES_AGGRESSIVE;
				CLANG_WARN_UNREACHABLE_CODE = YES;
				CLANG_WARN__DUPLICATE_METHOD_MATCH = YES;
				COPY_PHASE_STRIP = NO;
				DEBUG_INFORMATION_FORMAT = dwarf;
				ENABLE_STRICT_OBJC_MSGSEND = YES;
				ENABLE_TESTABILITY = YES;
				ENABLE_USER_SCRIPT_SANDBOXING = YES;
				GCC_C_LANGUAGE_STANDARD = gnu17;
				GCC_DYNAMIC_NO_PIC = NO;
				GCC_NO_COMMON_BLOCKS = YES;
				GCC_OPTIMIZATION_LEVEL = 0;
				GCC_PREPROCESSOR_DEFINITIONS = (
					"DEBUG=1",
					"$(inherited)",
				);
				GCC_WARN_64_TO_32_BIT_CONVERSION = YES;
				GCC_WARN_ABOUT_RETURN_TYPE = YES_ERROR;
				GCC_WARN_UNDECLARED_SELECTOR = YES;
				GCC_WARN_UNINITIALIZED_AUTOS = YES_AGGRESSIVE;
				GCC_WARN_UNUSED_FUNCTION = YES;
				GCC_WARN_UNUSED_VARIABLE = YES;
				IPHONEOS_DEPLOYMENT_TARGET = 18.2;
				LOCALIZATION_PREFERS_STRING_CATALOGS = YES;
				MTL_ENABLE_DEBUG_INFO = INCLUDE_SOURCE;
				MTL_FAST_MATH = YES;
				ONLY_ACTIVE_ARCH = YES;
				SDKROOT = iphoneos;
				SWIFT_ACTIVE_COMPILATION_CONDITIONS = "DEBUG $(inherited)";
				SWIFT_OPTIMIZATION_LEVEL = "-Onone";
			};
			name = Debug;
		};
		BC7CC3912E2F28DB00466C6C /* Release */ = {
			isa = XCBuildConfiguration;
			buildSettings = {
				ALWAYS_SEARCH_USER_PATHS = NO;
				ASSETCATALOG_COMPILER_GENERATE_SWIFT_ASSET_SYMBOL_EXTENSIONS = YES;
				CLANG_ANALYZER_NONNULL = YES;
				CLANG_ANALYZER_NUMBER_OBJECT_CONVERSION = YES_AGGRESSIVE;
				CLANG_CXX_LANGUAGE_STANDARD = "gnu++20";
				CLANG_ENABLE_MODULES = YES;
				CLANG_ENABLE_OBJC_ARC = YES;
				CLANG_ENABLE_OBJC_WEAK = YES;
				CLANG_WARN_BLOCK_CAPTURE_AUTORELEASING = YES;
				CLANG_WARN_BOOL_CONVERSION = YES;
				CLANG_WARN_COMMA = YES;
				CLANG_WARN_CONSTANT_CONVERSION = YES;
				CLANG_WARN_DEPRECATED_OBJC_IMPLEMENTATIONS = YES;
				CLANG_WARN_DIRECT_OBJC_ISA_USAGE = YES_ERROR;
				CLANG_WARN_DOCUMENTATION_COMMENTS = YES;
				CLANG_WARN_EMPTY_BODY = YES;
				CLANG_WARN_ENUM_CONVERSION = YES;
				CLANG_WARN_INFINITE_RECURSION = YES;
				CLANG_WARN_INT_CONVERSION = YES;
				CLANG_WARN_NON_LITERAL_NULL_CONVERSION = YES;
				CLANG_WARN_OBJC_IMPLICIT_RETAIN_SELF = YES;
				CLANG_WARN_OBJC_LITERAL_CONVERSION = YES;
				CLANG_WARN_OBJC_ROOT_CLASS = YES_ERROR;
				CLANG_WARN_QUOTED_INCLUDE_IN_FRAMEWORK_HEADER = YES;
				CLANG_WARN_RANGE_LOOP_ANALYSIS = YES;
				CLANG_WARN_STRICT_PROTOTYPES = YES;
				CLANG_WARN_SUSPICIOUS_MOVE = YES;
				CLANG_WARN_UNGUARDED_AVAILABILITY = YES_AGGRESSIVE;
				CLANG_WARN_UNREACHABLE_CODE = YES;
				CLANG_WARN__DUPLICATE_METHOD_MATCH = YES;
				COPY_PHASE_STRIP = NO;
				DEBUG_INFORMATION_FORMAT = "dwarf-with-dsym";
				ENABLE_NS_ASSERTIONS = NO;
				ENABLE_STRICT_OBJC_MSGSEND = YES;
				ENABLE_USER_SCRIPT_SANDBOXING = YES;
				GCC_C_LANGUAGE_STANDARD = gnu17;
				GCC_NO_COMMON_BLOCKS = YES;
				GCC_WARN_64_TO_32_BIT_CONVERSION = YES;
				GCC_WARN_ABOUT_RETURN_TYPE = YES_ERROR;
				GCC_WARN_UNDECLARED_SELECTOR = YES;
				GCC_WARN_UNINITIALIZED_AUTOS = YES_AGGRESSIVE;
				GCC_WARN_UNUSED_FUNCTION = YES;
				GCC_WARN_UNUSED_VARIABLE = YES;
				IPHONEOS_DEPLOYMENT_TARGET = 18.2;
				LOCALIZATION_PREFERS_STRING_CATALOGS = YES;
				MTL_ENABLE_DEBUG_INFO = NO;
				MTL_FAST_MATH = YES;
				SDKROOT = iphoneos;
				SWIFT_COMPILATION_MODE = wholemodule;
				VALIDATE_PRODUCT = YES;
			};
			name = Release;
		};
		BC7CC3932E2F28DB00466C6C /* Debug */ = {
			isa = XCBuildConfiguration;
			buildSettings = {
				ASSETCATALOG_COMPILER_APPICON_NAME = AppIcon;
				ASSETCATALOG_COMPILER_GLOBAL_ACCENT_COLOR_NAME = AccentColor;
				CODE_SIGN_STYLE = Automatic;
				CURRENT_PROJECT_VERSION = 1;
				DEVELOPMENT_ASSET_PATHS = "\"moodiq/Preview Content\"";
				ENABLE_PREVIEWS = YES;
				GENERATE_INFOPLIST_FILE = YES;
				INFOPLIST_KEY_UIApplicationSceneManifest_Generation = YES;
				INFOPLIST_KEY_UIApplicationSupportsIndirectInputEvents = YES;
				INFOPLIST_KEY_UILaunchScreen_Generation = YES;
				INFOPLIST_KEY_UISupportedInterfaceOrientations_iPad = "UIInterfaceOrientationPortrait UIInterfaceOrientationPortraitUpsideDown UIInterfaceOrientationLandscapeLeft UIInterfaceOrientationLandscapeRight";
				INFOPLIST_KEY_UISupportedInterfaceOrientations_iPhone = "UIInterfaceOrientationPortrait UIInterfaceOrientationLandscapeLeft UIInterfaceOrientationLandscapeRight";
				LD_RUNPATH_SEARCH_PATHS = (
					"$(inherited)",
					"@executable_path/Frameworks",
				);
				MARKETING_VERSION = 1.0;
				PRODUCT_BUNDLE_IDENTIFIER = emi.moodiq;
				PRODUCT_NAME = "$(TARGET_NAME)";
				SWIFT_EMIT_LOC_STRINGS = YES;
				SWIFT_VERSION = 5.0;
				TARGETED_DEVICE_FAMILY = "1,2";
			};
			name = Debug;
		};
		BC7CC3942E2F28DB00466C6C /* Release */ = {
			isa = XCBuildConfiguration;
			buildSettings = {
				ASSETCATALOG_COMPILER_APPICON_NAME = AppIcon;
				ASSETCATALOG_COMPILER_GLOBAL_ACCENT_COLOR_NAME = AccentColor;
				CODE_SIGN_STYLE = Automatic;
				CURRENT_PROJECT_VERSION = 1;
				DEVELOPMENT_ASSET_PATHS = "\"moodiq/Preview Content\"";
				ENABLE_PREVIEWS = YES;
				GENERATE_INFOPLIST_FILE = YES;
				INFOPLIST_KEY_UIApplicationSceneManifest_Generation = YES;
				INFOPLIST_KEY_UIApplicationSupportsIndirectInputEvents = YES;
				INFOPLIST_KEY_UILaunchScreen_Generation = YES;
				INFOPLIST_KEY_UISupportedInterfaceOrientations_iPad = "UIInterfaceOrientationPortrait UIInterfaceOrientationPortraitUpsideDown UIInterfaceOrientationLandscapeLeft UIInterfaceOrientationLandscapeRight";
				INFOPLIST_KEY_UISupportedInterfaceOrientations_iPhone = "UIInterfaceOrientationPortrait UIInterfaceOrientationLandscapeLeft UIInterfaceOrientationLandscapeRight";
				LD_RUNPATH_SEARCH_PATHS = (
					"$(inherited)",
					"@executable_path/Frameworks",
				);
				MARKETING_VERSION = 1.0;
				PRODUCT_BUNDLE_IDENTIFIER = emi.moodiq;
				PRODUCT_NAME = "$(TARGET_NAME)";
				SWIFT_EMIT_LOC_STRINGS = YES;
				SWIFT_VERSION = 5.0;
				TARGETED_DEVICE_FAMILY = "1,2";
			};
			name = Release;
		};
		BC7CC3962E2F28DB00466C6C /* Debug */ = {
			isa = XCBuildConfiguration;
			buildSettings = {
				BUNDLE_LOADER = "$(TEST_HOST)";
				CODE_SIGN_STYLE = Automatic;
				CURRENT_PROJECT_VERSION = 1;
				GENERATE_INFOPLIST_FILE = YES;
				IPHONEOS_DEPLOYMENT_TARGET = 18.2;
				MARKETING_VERSION = 1.0;
				PRODUCT_BUNDLE_IDENTIFIER = emi.moodiqTests;
				PRODUCT_NAME = "$(TARGET_NAME)";
				SWIFT_EMIT_LOC_STRINGS = NO;
				SWIFT_VERSION = 5.0;
				TARGETED_DEVICE_FAMILY = "1,2";
				TEST_HOST = "$(BUILT_PRODUCTS_DIR)/moodiq.app/$(BUNDLE_EXECUTABLE_FOLDER_PATH)/moodiq";
			};
			name = Debug;
		};
		BC7CC3972E2F28DB00466C6C /* Release */ = {
			isa = XCBuildConfiguration;
			buildSettings = {
				BUNDLE_LOADER = "$(TEST_HOST)";
				CODE_SIGN_STYLE = Automatic;
				CURRENT_PROJECT_VERSION = 1;
				GENERATE_INFOPLIST_FILE = YES;
				IPHONEOS_DEPLOYMENT_TARGET = 18.2;
				MARKETING_VERSION = 1.0;
				PRODUCT_BUNDLE_IDENTIFIER = emi.moodiqTests;
				PRODUCT_NAME = "$(TARGET_NAME)";
				SWIFT_EMIT_LOC_STRINGS = NO;
				SWIFT_VERSION = 5.0;
				TARGETED_DEVICE_FAMILY = "1,2";
				TEST_HOST = "$(BUILT_PRODUCTS_DIR)/moodiq.app/$(BUNDLE_EXECUTABLE_FOLDER_PATH)/moodiq";
			};
			name = Release;
		};
		BC7CC3992E2F28DB00466C6C /* Debug */ = {
			isa = XCBuildConfiguration;
			buildSettings = {
				CODE_SIGN_STYLE = Automatic;
				CURRENT_PROJECT_VERSION = 1;
				GENERATE_INFOPLIST_FILE = YES;
				MARKETING_VERSION = 1.0;
				PRODUCT_BUNDLE_IDENTIFIER = emi.moodiqUITests;
				PRODUCT_NAME = "$(TARGET_NAME)";
				SWIFT_EMIT_LOC_STRINGS = NO;
				SWIFT_VERSION = 5.0;
				TARGETED_DEVICE_FAMILY = "1,2";
				TEST_TARGET_NAME = moodiq;
			};
			name = Debug;
		};
		BC7CC39A2E2F28DB00466C6C /* Release */ = {
			isa = XCBuildConfiguration;
			buildSettings = {
				CODE_SIGN_STYLE = Automatic;
				CURRENT_PROJECT_VERSION = 1;
				GENERATE_INFOPLIST_FILE = YES;
				MARKETING_VERSION = 1.0;
				PRODUCT_BUNDLE_IDENTIFIER = emi.moodiqUITests;
				PRODUCT_NAME = "$(TARGET_NAME)";
				SWIFT_EMIT_LOC_STRINGS = NO;
				SWIFT_VERSION = 5.0;
				TARGETED_DEVICE_FAMILY = "1,2";
				TEST_TARGET_NAME = moodiq;
			};
			name = Release;
		};
/* End XCBuildConfiguration section */

/* Begin XCConfigurationList section */
		BC7CC3692E2F28D900466C6C /* Build configuration list for PBXProject "moodiq" */ = {
			isa = XCConfigurationList;
			buildConfigurations = (
				BC7CC3902E2F28DB00466C6C /* Debug */,
				BC7CC3912E2F28DB00466C6C /* Release */,
			);
			defaultConfigurationIsVisible = 0;
			defaultConfigurationName = Release;
		};
		BC7CC3922E2F28DB00466C6C /* Build configuration list for PBXNativeTarget "moodiq" */ = {
			isa = XCConfigurationList;
			buildConfigurations = (
				BC7CC3932E2F28DB00466C6C /* Debug */,
				BC7CC3942E2F28DB00466C6C /* Release */,
			);
			defaultConfigurationIsVisible = 0;
			defaultConfigurationName = Release;
		};
		BC7CC3952E2F28DB00466C6C /* Build configuration list for PBXNativeTarget "moodiqTests" */ = {
			isa = XCConfigurationList;
			buildConfigurations = (
				BC7CC3962E2F28DB00466C6C /* Debug */,
				BC7CC3972E2F28DB00466C6C /* Release */,
			);
			defaultConfigurationIsVisible = 0;
			defaultConfigurationName = Release;
		};
		BC7CC3982E2F28DB00466C6C /* Build configuration list for PBXNativeTarget "moodiqUITests" */ = {
			isa = XCConfigurationList;
			buildConfigurations = (
				BC7CC3992E2F28DB00466C6C /* Debug */,
				BC7CC39A2E2F28DB00466C6C /* Release */,
			);
			defaultConfigurationIsVisible = 0;
			defaultConfigurationName = Release;
		};
/* End XCConfigurationList section */
	};
	rootObject = BC7CC3662E2F28D900466C6C /* Project object */;
}
